// !$*UTF8*$!
{
	archiveVersion = 1;
	classes = {
	};
	objectVersion = 77;
	objects = {

/* Begin PBXBuildFile section */
		115EC1732D1B8C5C00083388 /* FirebaseMessaging in Frameworks */ = {isa = PBXBuildFile; productRef = 115EC1722D1B8C5C00083388 /* FirebaseMessaging */; };
		FC2411772D17DC25009BE065 /* FirebaseAuth in Frameworks */ = {isa = PBXBuildFile; productRef = FC2411762D17DC25009BE065 /* FirebaseAuth */; };
		FC2411792D17DC25009BE065 /* FirebaseAuthCombine-Community in Frameworks */ = {isa = PBXBuildFile; productRef = FC2411782D17DC25009BE065 /* FirebaseAuthCombine-Community */; };
		FC24117B2D17DC25009BE065 /* FirebaseCore in Frameworks */ = {isa = PBXBuildFile; productRef = FC24117A2D17DC25009BE065 /* FirebaseCore */; };
		FC3F5D1F2CF3D856003BA940 /* FirebaseFirestore in Frameworks */ = {isa = PBXBuildFile; productRef = FC3F5D1E2CF3D856003BA940 /* FirebaseFirestore */; };
		FC3F5D212CF3D856003BA940 /* FirebaseFirestoreCombine-Community in Frameworks */ = {isa = PBXBuildFile; productRef = FC3F5D202CF3D856003BA940 /* FirebaseFirestoreCombine-Community */; };
		FC3F5D232CF3D856003BA940 /* FirebaseStorage in Frameworks */ = {isa = PBXBuildFile; productRef = FC3F5D222CF3D856003BA940 /* FirebaseStorage */; };
		FC3F5D252CF3D856003BA940 /* FirebaseStorageCombine-Community in Frameworks */ = {isa = PBXBuildFile; productRef = FC3F5D242CF3D856003BA940 /* FirebaseStorageCombine-Community */; };
		FC3F5D272CF3DC65003BA940 /* GoogleService-Info.plist in Resources */ = {isa = PBXBuildFile; fileRef = FC3F5D262CF3DC65003BA940 /* GoogleService-Info.plist */; };
/* End PBXBuildFile section */

/* Begin PBXContainerItemProxy section */
		BAC9742B2CD9AC6600DD929B /* PBXContainerItemProxy */ = {
			isa = PBXContainerItemProxy;
			containerPortal = BAC974122CD9AC6300DD929B /* Project object */;
			proxyType = 1;
			remoteGlobalIDString = BAC974192CD9AC6300DD929B;
			remoteInfo = FindMyFood;
		};
		BAC974352CD9AC6700DD929B /* PBXContainerItemProxy */ = {
			isa = PBXContainerItemProxy;
			containerPortal = BAC974122CD9AC6300DD929B /* Project object */;
			proxyType = 1;
			remoteGlobalIDString = BAC974192CD9AC6300DD929B;
			remoteInfo = FindMyFood;
		};
/* End PBXContainerItemProxy section */

/* Begin PBXFileReference section */
		BAC9741A2CD9AC6300DD929B /* FindMyFood.app */ = {isa = PBXFileReference; explicitFileType = wrapper.application; includeInIndex = 0; path = FindMyFood.app; sourceTree = BUILT_PRODUCTS_DIR; };
		BAC9742A2CD9AC6600DD929B /* FindMyFoodTests.xctest */ = {isa = PBXFileReference; explicitFileType = wrapper.cfbundle; includeInIndex = 0; path = FindMyFoodTests.xctest; sourceTree = BUILT_PRODUCTS_DIR; };
		BAC974342CD9AC6700DD929B /* FindMyFoodUITests.xctest */ = {isa = PBXFileReference; explicitFileType = wrapper.cfbundle; includeInIndex = 0; path = FindMyFoodUITests.xctest; sourceTree = BUILT_PRODUCTS_DIR; };
		FC3F5D262CF3DC65003BA940 /* GoogleService-Info.plist */ = {isa = PBXFileReference; lastKnownFileType = text.plist.xml; path = "GoogleService-Info.plist"; sourceTree = "<group>"; };
/* End PBXFileReference section */

/* Begin PBXFileSystemSynchronizedBuildFileExceptionSet section */
		1BF55CFF2CE9DEB200BBFAD5 /* Exceptions for "FindMyFood" folder in "FindMyFood" target */ = {
			isa = PBXFileSystemSynchronizedBuildFileExceptionSet;
			membershipExceptions = (
				Info.plist,
			);
			target = BAC974192CD9AC6300DD929B /* FindMyFood */;
		};
/* End PBXFileSystemSynchronizedBuildFileExceptionSet section */

/* Begin PBXFileSystemSynchronizedRootGroup section */
		BAC9741C2CD9AC6300DD929B /* FindMyFood */ = {
			isa = PBXFileSystemSynchronizedRootGroup;
			exceptions = (
				1BF55CFF2CE9DEB200BBFAD5 /* Exceptions for "FindMyFood" folder in "FindMyFood" target */,
			);
			path = FindMyFood;
			sourceTree = "<group>";
		};
		BAC9742D2CD9AC6700DD929B /* FindMyFoodTests */ = {
			isa = PBXFileSystemSynchronizedRootGroup;
			path = FindMyFoodTests;
			sourceTree = "<group>";
		};
		BAC974372CD9AC6700DD929B /* FindMyFoodUITests */ = {
			isa = PBXFileSystemSynchronizedRootGroup;
			path = FindMyFoodUITests;
			sourceTree = "<group>";
		};
/* End PBXFileSystemSynchronizedRootGroup section */

/* Begin PBXFrameworksBuildPhase section */
		BAC974172CD9AC6300DD929B /* Frameworks */ = {
			isa = PBXFrameworksBuildPhase;
			buildActionMask = 2147483647;
			files = (
				115EC1732D1B8C5C00083388 /* FirebaseMessaging in Frameworks */,
				FC3F5D1F2CF3D856003BA940 /* FirebaseFirestore in Frameworks */,
				FC2411792D17DC25009BE065 /* FirebaseAuthCombine-Community in Frameworks */,
				FC2411772D17DC25009BE065 /* FirebaseAuth in Frameworks */,
				FC3F5D212CF3D856003BA940 /* FirebaseFirestoreCombine-Community in Frameworks */,
				FC24117B2D17DC25009BE065 /* FirebaseCore in Frameworks */,
				FC3F5D252CF3D856003BA940 /* FirebaseStorageCombine-Community in Frameworks */,
				FC3F5D232CF3D856003BA940 /* FirebaseStorage in Frameworks */,
			);
			runOnlyForDeploymentPostprocessing = 0;
		};
		BAC974272CD9AC6600DD929B /* Frameworks */ = {
			isa = PBXFrameworksBuildPhase;
			buildActionMask = 2147483647;
			files = (
			);
			runOnlyForDeploymentPostprocessing = 0;
		};
		BAC974312CD9AC6700DD929B /* Frameworks */ = {
			isa = PBXFrameworksBuildPhase;
			buildActionMask = 2147483647;
			files = (
			);
			runOnlyForDeploymentPostprocessing = 0;
		};
/* End PBXFrameworksBuildPhase section */

/* Begin PBXGroup section */
		BAC974112CD9AC6300DD929B = {
			isa = PBXGroup;
			children = (
				BAC9741C2CD9AC6300DD929B /* FindMyFood */,
				BAC9742D2CD9AC6700DD929B /* FindMyFoodTests */,
				BAC974372CD9AC6700DD929B /* FindMyFoodUITests */,
				BAC9741B2CD9AC6300DD929B /* Products */,
				FC3F5D262CF3DC65003BA940 /* GoogleService-Info.plist */,
			);
			sourceTree = "<group>";
		};
		BAC9741B2CD9AC6300DD929B /* Products */ = {
			isa = PBXGroup;
			children = (
				BAC9741A2CD9AC6300DD929B /* FindMyFood.app */,
				BAC9742A2CD9AC6600DD929B /* FindMyFoodTests.xctest */,
				BAC974342CD9AC6700DD929B /* FindMyFoodUITests.xctest */,
			);
			name = Products;
			sourceTree = "<group>";
		};
/* End PBXGroup section */

/* Begin PBXNativeTarget section */
		BAC974192CD9AC6300DD929B /* FindMyFood */ = {
			isa = PBXNativeTarget;
			buildConfigurationList = BAC9743E2CD9AC6700DD929B /* Build configuration list for PBXNativeTarget "FindMyFood" */;
			buildPhases = (
				BAC974162CD9AC6300DD929B /* Sources */,
				BAC974172CD9AC6300DD929B /* Frameworks */,
				BAC974182CD9AC6300DD929B /* Resources */,
			);
			buildRules = (
			);
			dependencies = (
			);
			fileSystemSynchronizedGroups = (
				BAC9741C2CD9AC6300DD929B /* FindMyFood */,
			);
			name = FindMyFood;
			packageProductDependencies = (
				FC3F5D1E2CF3D856003BA940 /* FirebaseFirestore */,
				FC3F5D202CF3D856003BA940 /* FirebaseFirestoreCombine-Community */,
				FC3F5D222CF3D856003BA940 /* FirebaseStorage */,
				FC3F5D242CF3D856003BA940 /* FirebaseStorageCombine-Community */,
				FC2411762D17DC25009BE065 /* FirebaseAuth */,
				FC2411782D17DC25009BE065 /* FirebaseAuthCombine-Community */,
				FC24117A2D17DC25009BE065 /* FirebaseCore */,
				115EC1722D1B8C5C00083388 /* FirebaseMessaging */,
			);
			productName = FindMyFood;
			productReference = BAC9741A2CD9AC6300DD929B /* FindMyFood.app */;
			productType = "com.apple.product-type.application";
		};
		BAC974292CD9AC6600DD929B /* FindMyFoodTests */ = {
			isa = PBXNativeTarget;
			buildConfigurationList = BAC974412CD9AC6700DD929B /* Build configuration list for PBXNativeTarget "FindMyFoodTests" */;
			buildPhases = (
				BAC974262CD9AC6600DD929B /* Sources */,
				BAC974272CD9AC6600DD929B /* Frameworks */,
				BAC974282CD9AC6600DD929B /* Resources */,
			);
			buildRules = (
			);
			dependencies = (
				BAC9742C2CD9AC6600DD929B /* PBXTargetDependency */,
			);
			fileSystemSynchronizedGroups = (
				BAC9742D2CD9AC6700DD929B /* FindMyFoodTests */,
			);
			name = FindMyFoodTests;
			packageProductDependencies = (
			);
			productName = FindMyFoodTests;
			productReference = BAC9742A2CD9AC6600DD929B /* FindMyFoodTests.xctest */;
			productType = "com.apple.product-type.bundle.unit-test";
		};
		BAC974332CD9AC6700DD929B /* FindMyFoodUITests */ = {
			isa = PBXNativeTarget;
			buildConfigurationList = BAC974442CD9AC6700DD929B /* Build configuration list for PBXNativeTarget "FindMyFoodUITests" */;
			buildPhases = (
				BAC974302CD9AC6700DD929B /* Sources */,
				BAC974312CD9AC6700DD929B /* Frameworks */,
				BAC974322CD9AC6700DD929B /* Resources */,
			);
			buildRules = (
			);
			dependencies = (
				BAC974362CD9AC6700DD929B /* PBXTargetDependency */,
			);
			fileSystemSynchronizedGroups = (
				BAC974372CD9AC6700DD929B /* FindMyFoodUITests */,
			);
			name = FindMyFoodUITests;
			packageProductDependencies = (
			);
			productName = FindMyFoodUITests;
			productReference = BAC974342CD9AC6700DD929B /* FindMyFoodUITests.xctest */;
			productType = "com.apple.product-type.bundle.ui-testing";
		};
/* End PBXNativeTarget section */

/* Begin PBXProject section */
		BAC974122CD9AC6300DD929B /* Project object */ = {
			isa = PBXProject;
			attributes = {
				BuildIndependentTargetsInParallel = 1;
				LastSwiftUpdateCheck = 1600;
				LastUpgradeCheck = 1600;
				TargetAttributes = {
					BAC974192CD9AC6300DD929B = {
						CreatedOnToolsVersion = 16.0;
					};
					BAC974292CD9AC6600DD929B = {
						CreatedOnToolsVersion = 16.0;
						TestTargetID = BAC974192CD9AC6300DD929B;
					};
					BAC974332CD9AC6700DD929B = {
						CreatedOnToolsVersion = 16.0;
						TestTargetID = BAC974192CD9AC6300DD929B;
					};
				};
			};
			buildConfigurationList = BAC974152CD9AC6300DD929B /* Build configuration list for PBXProject "FindMyFood" */;
			developmentRegion = en;
			hasScannedForEncodings = 0;
			knownRegions = (
				en,
				Base,
			);
			mainGroup = BAC974112CD9AC6300DD929B;
			minimizedProjectReferenceProxies = 1;
			packageReferences = (
				FC3F5D1D2CF3D856003BA940 /* XCRemoteSwiftPackageReference "firebase-ios-sdk" */,
			);
			preferredProjectObjectVersion = 77;
			productRefGroup = BAC9741B2CD9AC6300DD929B /* Products */;
			projectDirPath = "";
			projectRoot = "";
			targets = (
				BAC974192CD9AC6300DD929B /* FindMyFood */,
				BAC974292CD9AC6600DD929B /* FindMyFoodTests */,
				BAC974332CD9AC6700DD929B /* FindMyFoodUITests */,
			);
		};
/* End PBXProject section */

/* Begin PBXResourcesBuildPhase section */
		BAC974182CD9AC6300DD929B /* Resources */ = {
			isa = PBXResourcesBuildPhase;
			buildActionMask = 2147483647;
			files = (
				FC3F5D272CF3DC65003BA940 /* GoogleService-Info.plist in Resources */,
			);
			runOnlyForDeploymentPostprocessing = 0;
		};
		BAC974282CD9AC6600DD929B /* Resources */ = {
			isa = PBXResourcesBuildPhase;
			buildActionMask = 2147483647;
			files = (
			);
			runOnlyForDeploymentPostprocessing = 0;
		};
		BAC974322CD9AC6700DD929B /* Resources */ = {
			isa = PBXResourcesBuildPhase;
			buildActionMask = 2147483647;
			files = (
			);
			runOnlyForDeploymentPostprocessing = 0;
		};
/* End PBXResourcesBuildPhase section */

/* Begin PBXSourcesBuildPhase section */
		BAC974162CD9AC6300DD929B /* Sources */ = {
			isa = PBXSourcesBuildPhase;
			buildActionMask = 2147483647;
			files = (
			);
			runOnlyForDeploymentPostprocessing = 0;
		};
		BAC974262CD9AC6600DD929B /* Sources */ = {
			isa = PBXSourcesBuildPhase;
			buildActionMask = 2147483647;
			files = (
			);
			runOnlyForDeploymentPostprocessing = 0;
		};
		BAC974302CD9AC6700DD929B /* Sources */ = {
			isa = PBXSourcesBuildPhase;
			buildActionMask = 2147483647;
			files = (
			);
			runOnlyForDeploymentPostprocessing = 0;
		};
/* End PBXSourcesBuildPhase section */

/* Begin PBXTargetDependency section */
		BAC9742C2CD9AC6600DD929B /* PBXTargetDependency */ = {
			isa = PBXTargetDependency;
			target = BAC974192CD9AC6300DD929B /* FindMyFood */;
			targetProxy = BAC9742B2CD9AC6600DD929B /* PBXContainerItemProxy */;
		};
		BAC974362CD9AC6700DD929B /* PBXTargetDependency */ = {
			isa = PBXTargetDependency;
			target = BAC974192CD9AC6300DD929B /* FindMyFood */;
			targetProxy = BAC974352CD9AC6700DD929B /* PBXContainerItemProxy */;
		};
/* End PBXTargetDependency section */

/* Begin XCBuildConfiguration section */
		BAC9743C2CD9AC6700DD929B /* Debug */ = {
			isa = XCBuildConfiguration;
			buildSettings = {
				ALWAYS_SEARCH_USER_PATHS = NO;
				ASSETCATALOG_COMPILER_GENERATE_SWIFT_ASSET_SYMBOL_EXTENSIONS = YES;
				CLANG_ANALYZER_NONNULL = YES;
				CLANG_ANALYZER_NUMBER_OBJECT_CONVERSION = YES_AGGRESSIVE;
				CLANG_CXX_LANGUAGE_STANDARD = "gnu++20";
				CLANG_ENABLE_MODULES = YES;
				CLANG_ENABLE_OBJC_ARC = YES;
				CLANG_ENABLE_OBJC_WEAK = YES;
				CLANG_WARN_BLOCK_CAPTURE_AUTORELEASING = YES;
				CLANG_WARN_BOOL_CONVERSION = YES;
				CLANG_WARN_COMMA = YES;
				CLANG_WARN_CONSTANT_CONVERSION = YES;
				CLANG_WARN_DEPRECATED_OBJC_IMPLEMENTATIONS = YES;
				CLANG_WARN_DIRECT_OBJC_ISA_USAGE = YES_ERROR;
				CLANG_WARN_DOCUMENTATION_COMMENTS = YES;
				CLANG_WARN_EMPTY_BODY = YES;
				CLANG_WARN_ENUM_CONVERSION = YES;
				CLANG_WARN_INFINITE_RECURSION = YES;
				CLANG_WARN_INT_CONVERSION = YES;
				CLANG_WARN_NON_LITERAL_NULL_CONVERSION = YES;
				CLANG_WARN_OBJC_IMPLICIT_RETAIN_SELF = YES;
				CLANG_WARN_OBJC_LITERAL_CONVERSION = YES;
				CLANG_WARN_OBJC_ROOT_CLASS = YES_ERROR;
				CLANG_WARN_QUOTED_INCLUDE_IN_FRAMEWORK_HEADER = YES;
				CLANG_WARN_RANGE_LOOP_ANALYSIS = YES;
				CLANG_WARN_STRICT_PROTOTYPES = YES;
				CLANG_WARN_SUSPICIOUS_MOVE = YES;
				CLANG_WARN_UNGUARDED_AVAILABILITY = YES_AGGRESSIVE;
				CLANG_WARN_UNREACHABLE_CODE = YES;
				CLANG_WARN__DUPLICATE_METHOD_MATCH = YES;
				COPY_PHASE_STRIP = NO;
				DEBUG_INFORMATION_FORMAT = dwarf;
				ENABLE_STRICT_OBJC_MSGSEND = YES;
				ENABLE_TESTABILITY = YES;
				ENABLE_USER_SCRIPT_SANDBOXING = YES;
				GCC_C_LANGUAGE_STANDARD = gnu17;
				GCC_DYNAMIC_NO_PIC = NO;
				GCC_NO_COMMON_BLOCKS = YES;
				GCC_OPTIMIZATION_LEVEL = 0;
				GCC_PREPROCESSOR_DEFINITIONS = (
					"DEBUG=1",
					"$(inherited)",
				);
				GCC_WARN_64_TO_32_BIT_CONVERSION = YES;
				GCC_WARN_ABOUT_RETURN_TYPE = YES_ERROR;
				GCC_WARN_UNDECLARED_SELECTOR = YES;
				GCC_WARN_UNINITIALIZED_AUTOS = YES_AGGRESSIVE;
				GCC_WARN_UNUSED_FUNCTION = YES;
				GCC_WARN_UNUSED_VARIABLE = YES;
				IPHONEOS_DEPLOYMENT_TARGET = 18.0;
				LOCALIZATION_PREFERS_STRING_CATALOGS = YES;
				MTL_ENABLE_DEBUG_INFO = INCLUDE_SOURCE;
				MTL_FAST_MATH = YES;
				ONLY_ACTIVE_ARCH = YES;
				SDKROOT = iphoneos;
				SWIFT_ACTIVE_COMPILATION_CONDITIONS = "DEBUG $(inherited)";
				SWIFT_OPTIMIZATION_LEVEL = "-Onone";
			};
			name = Debug;
		};
		BAC9743D2CD9AC6700DD929B /* Release */ = {
			isa = XCBuildConfiguration;
			buildSettings = {
				ALWAYS_SEARCH_USER_PATHS = NO;
				ASSETCATALOG_COMPILER_GENERATE_SWIFT_ASSET_SYMBOL_EXTENSIONS = YES;
				CLANG_ANALYZER_NONNULL = YES;
				CLANG_ANALYZER_NUMBER_OBJECT_CONVERSION = YES_AGGRESSIVE;
				CLANG_CXX_LANGUAGE_STANDARD = "gnu++20";
				CLANG_ENABLE_MODULES = YES;
				CLANG_ENABLE_OBJC_ARC = YES;
				CLANG_ENABLE_OBJC_WEAK = YES;
				CLANG_WARN_BLOCK_CAPTURE_AUTORELEASING = YES;
				CLANG_WARN_BOOL_CONVERSION = YES;
				CLANG_WARN_COMMA = YES;
				CLANG_WARN_CONSTANT_CONVERSION = YES;
				CLANG_WARN_DEPRECATED_OBJC_IMPLEMENTATIONS = YES;
				CLANG_WARN_DIRECT_OBJC_ISA_USAGE = YES_ERROR;
				CLANG_WARN_DOCUMENTATION_COMMENTS = YES;
				CLANG_WARN_EMPTY_BODY = YES;
				CLANG_WARN_ENUM_CONVERSION = YES;
				CLANG_WARN_INFINITE_RECURSION = YES;
				CLANG_WARN_INT_CONVERSION = YES;
				CLANG_WARN_NON_LITERAL_NULL_CONVERSION = YES;
				CLANG_WARN_OBJC_IMPLICIT_RETAIN_SELF = YES;
				CLANG_WARN_OBJC_LITERAL_CONVERSION = YES;
				CLANG_WARN_OBJC_ROOT_CLASS = YES_ERROR;
				CLANG_WARN_QUOTED_INCLUDE_IN_FRAMEWORK_HEADER = YES;
				CLANG_WARN_RANGE_LOOP_ANALYSIS = YES;
				CLANG_WARN_STRICT_PROTOTYPES = YES;
				CLANG_WARN_SUSPICIOUS_MOVE = YES;
				CLANG_WARN_UNGUARDED_AVAILABILITY = YES_AGGRESSIVE;
				CLANG_WARN_UNREACHABLE_CODE = YES;
				CLANG_WARN__DUPLICATE_METHOD_MATCH = YES;
				COPY_PHASE_STRIP = NO;
				DEBUG_INFORMATION_FORMAT = "dwarf-with-dsym";
				ENABLE_NS_ASSERTIONS = NO;
				ENABLE_STRICT_OBJC_MSGSEND = YES;
				ENABLE_USER_SCRIPT_SANDBOXING = YES;
				GCC_C_LANGUAGE_STANDARD = gnu17;
				GCC_NO_COMMON_BLOCKS = YES;
				GCC_WARN_64_TO_32_BIT_CONVERSION = YES;
				GCC_WARN_ABOUT_RETURN_TYPE = YES_ERROR;
				GCC_WARN_UNDECLARED_SELECTOR = YES;
				GCC_WARN_UNINITIALIZED_AUTOS = YES_AGGRESSIVE;
				GCC_WARN_UNUSED_FUNCTION = YES;
				GCC_WARN_UNUSED_VARIABLE = YES;
				IPHONEOS_DEPLOYMENT_TARGET = 18.0;
				LOCALIZATION_PREFERS_STRING_CATALOGS = YES;
				MTL_ENABLE_DEBUG_INFO = NO;
				MTL_FAST_MATH = YES;
				SDKROOT = iphoneos;
				SWIFT_COMPILATION_MODE = wholemodule;
				VALIDATE_PRODUCT = YES;
			};
			name = Release;
		};
		BAC9743F2CD9AC6700DD929B /* Debug */ = {
			isa = XCBuildConfiguration;
			buildSettings = {
				ASSETCATALOG_COMPILER_APPICON_NAME = AppIcon;
				ASSETCATALOG_COMPILER_GLOBAL_ACCENT_COLOR_NAME = orangeColor;
				CODE_SIGN_ENTITLEMENTS = FindMyFood/FindMyFood.entitlements;
				CODE_SIGN_IDENTITY = "Apple Development";
				CODE_SIGN_STYLE = Automatic;
				CURRENT_PROJECT_VERSION = 1;
				DEVELOPMENT_ASSET_PATHS = "\"FindMyFood/Preview Content\"";
				DEVELOPMENT_TEAM = Y77S9Z42KK;
				ENABLE_PREVIEWS = YES;
				GENERATE_INFOPLIST_FILE = YES;
				INFOPLIST_FILE = FindMyFood/Info.plist;
				INFOPLIST_KEY_CFBundleDisplayName = FindMyFood;
				INFOPLIST_KEY_NSCameraUsageDescription = "FindMyFood uses your camera so you can take photos of your meals and instantly share them with your friends!";
				INFOPLIST_KEY_NSLocationAlwaysAndWhenInUseUsageDescription = "FindMyFood uses your location to help you discover the best food spots and recommendations near you. We only access your location while you're using the app!";
				INFOPLIST_KEY_NSLocationWhenInUseUsageDescription = "FindMyFood uses your location to help you discover the best food spots and recommendations near you. We only access your location while you're using the app!";
				INFOPLIST_KEY_NSPhotoLibraryAddUsageDescription = "geotag pls!";
				INFOPLIST_KEY_NSPhotoLibraryUsageDescription = "FindMyFood needs access to your photo library so you can upload images and share food posts with your friends.";
				INFOPLIST_KEY_UIApplicationSceneManifest_Generation = YES;
				INFOPLIST_KEY_UIApplicationSupportsIndirectInputEvents = YES;
				INFOPLIST_KEY_UILaunchScreen_Generation = YES;
				INFOPLIST_KEY_UISupportedInterfaceOrientations_iPad = "UIInterfaceOrientationPortrait UIInterfaceOrientationPortraitUpsideDown UIInterfaceOrientationLandscapeLeft UIInterfaceOrientationLandscapeRight";
				INFOPLIST_KEY_UISupportedInterfaceOrientations_iPhone = "UIInterfaceOrientationPortrait UIInterfaceOrientationLandscapeLeft UIInterfaceOrientationLandscapeRight";
				LD_RUNPATH_SEARCH_PATHS = (
					"$(inherited)",
					"@executable_path/Frameworks",
				);
				MARKETING_VERSION = 1.0;
				PRODUCT_BUNDLE_IDENTIFIER = com.bigback.findmyfood;
				PRODUCT_NAME = "$(TARGET_NAME)";
				PROVISIONING_PROFILE_SPECIFIER = "";
				SUPPORTED_PLATFORMS = "iphoneos iphonesimulator";
				SUPPORTS_MACCATALYST = NO;
				SUPPORTS_MAC_DESIGNED_FOR_IPHONE_IPAD = NO;
				SUPPORTS_XR_DESIGNED_FOR_IPHONE_IPAD = NO;
				SWIFT_EMIT_LOC_STRINGS = YES;
				SWIFT_VERSION = 5.0;
				TARGETED_DEVICE_FAMILY = 1;
			};
			name = Debug;
		};
		BAC974402CD9AC6700DD929B /* Release */ = {
			isa = XCBuildConfiguration;
			buildSettings = {
				ASSETCATALOG_COMPILER_APPICON_NAME = AppIcon;
				ASSETCATALOG_COMPILER_GLOBAL_ACCENT_COLOR_NAME = orangeColor;
				CODE_SIGN_ENTITLEMENTS = FindMyFood/FindMyFood.entitlements;
				CODE_SIGN_IDENTITY = "Apple Development";
				CODE_SIGN_STYLE = Automatic;
				CURRENT_PROJECT_VERSION = 1;
				DEVELOPMENT_ASSET_PATHS = "\"FindMyFood/Preview Content\"";
				DEVELOPMENT_TEAM = Y77S9Z42KK;
				ENABLE_PREVIEWS = YES;
				GENERATE_INFOPLIST_FILE = YES;
				INFOPLIST_FILE = FindMyFood/Info.plist;
				INFOPLIST_KEY_CFBundleDisplayName = FindMyFood;
				INFOPLIST_KEY_NSCameraUsageDescription = "FindMyFood uses your camera so you can take photos of your meals and instantly share them with your friends!";
				INFOPLIST_KEY_NSLocationAlwaysAndWhenInUseUsageDescription = "FindMyFood uses your location to help you discover the best food spots and recommendations near you. We only access your location while you're using the app!";
				INFOPLIST_KEY_NSLocationWhenInUseUsageDescription = "FindMyFood uses your location to help you discover the best food spots and recommendations near you. We only access your location while you're using the app!";
				INFOPLIST_KEY_NSPhotoLibraryAddUsageDescription = "geotag pls!";
				INFOPLIST_KEY_NSPhotoLibraryUsageDescription = "FindMyFood needs access to your photo library so you can upload images and share food posts with your friends.";
				INFOPLIST_KEY_UIApplicationSceneManifest_Generation = YES;
				INFOPLIST_KEY_UIApplicationSupportsIndirectInputEvents = YES;
				INFOPLIST_KEY_UILaunchScreen_Generation = YES;
				INFOPLIST_KEY_UISupportedInterfaceOrientations_iPad = "UIInterfaceOrientationPortrait UIInterfaceOrientationPortraitUpsideDown UIInterfaceOrientationLandscapeLeft UIInterfaceOrientationLandscapeRight";
				INFOPLIST_KEY_UISupportedInterfaceOrientations_iPhone = "UIInterfaceOrientationPortrait UIInterfaceOrientationLandscapeLeft UIInterfaceOrientationLandscapeRight";
				LD_RUNPATH_SEARCH_PATHS = (
					"$(inherited)",
					"@executable_path/Frameworks",
				);
				MARKETING_VERSION = 1.0;
				PRODUCT_BUNDLE_IDENTIFIER = com.bigback.findmyfood;
				PRODUCT_NAME = "$(TARGET_NAME)";
				PROVISIONING_PROFILE_SPECIFIER = "";
				SUPPORTED_PLATFORMS = "iphoneos iphonesimulator";
				SUPPORTS_MACCATALYST = NO;
				SUPPORTS_MAC_DESIGNED_FOR_IPHONE_IPAD = NO;
				SUPPORTS_XR_DESIGNED_FOR_IPHONE_IPAD = NO;
				SWIFT_EMIT_LOC_STRINGS = YES;
				SWIFT_VERSION = 5.0;
				TARGETED_DEVICE_FAMILY = 1;
			};
			name = Release;
		};
		BAC974422CD9AC6700DD929B /* Debug */ = {
			isa = XCBuildConfiguration;
			buildSettings = {
				BUNDLE_LOADER = "$(TEST_HOST)";
				CODE_SIGN_STYLE = Automatic;
				CURRENT_PROJECT_VERSION = 1;
				GENERATE_INFOPLIST_FILE = YES;
				IPHONEOS_DEPLOYMENT_TARGET = 18.0;
				MARKETING_VERSION = 1.0;
				PRODUCT_BUNDLE_IDENTIFIER = UCLA.FindMyFoodTests;
				PRODUCT_NAME = "$(TARGET_NAME)";
				SWIFT_EMIT_LOC_STRINGS = NO;
				SWIFT_VERSION = 5.0;
				TARGETED_DEVICE_FAMILY = "1,2";
				TEST_HOST = "$(BUILT_PRODUCTS_DIR)/FindMyFood.app/$(BUNDLE_EXECUTABLE_FOLDER_PATH)/FindMyFood";
			};
			name = Debug;
		};
		BAC974432CD9AC6700DD929B /* Release */ = {
			isa = XCBuildConfiguration;
			buildSettings = {
				BUNDLE_LOADER = "$(TEST_HOST)";
				CODE_SIGN_STYLE = Automatic;
				CURRENT_PROJECT_VERSION = 1;
				GENERATE_INFOPLIST_FILE = YES;
				IPHONEOS_DEPLOYMENT_TARGET = 18.0;
				MARKETING_VERSION = 1.0;
				PRODUCT_BUNDLE_IDENTIFIER = UCLA.FindMyFoodTests;
				PRODUCT_NAME = "$(TARGET_NAME)";
				SWIFT_EMIT_LOC_STRINGS = NO;
				SWIFT_VERSION = 5.0;
				TARGETED_DEVICE_FAMILY = "1,2";
				TEST_HOST = "$(BUILT_PRODUCTS_DIR)/FindMyFood.app/$(BUNDLE_EXECUTABLE_FOLDER_PATH)/FindMyFood";
			};
			name = Release;
		};
		BAC974452CD9AC6700DD929B /* Debug */ = {
			isa = XCBuildConfiguration;
			buildSettings = {
				CODE_SIGN_STYLE = Automatic;
				CURRENT_PROJECT_VERSION = 1;
				GENERATE_INFOPLIST_FILE = YES;
				MARKETING_VERSION = 1.0;
				PRODUCT_BUNDLE_IDENTIFIER = UCLA.FindMyFoodUITests;
				PRODUCT_NAME = "$(TARGET_NAME)";
				SWIFT_EMIT_LOC_STRINGS = NO;
				SWIFT_VERSION = 5.0;
				TARGETED_DEVICE_FAMILY = "1,2";
				TEST_TARGET_NAME = FindMyFood;
			};
			name = Debug;
		};
		BAC974462CD9AC6700DD929B /* Release */ = {
			isa = XCBuildConfiguration;
			buildSettings = {
				CODE_SIGN_STYLE = Automatic;
				CURRENT_PROJECT_VERSION = 1;
				GENERATE_INFOPLIST_FILE = YES;
				MARKETING_VERSION = 1.0;
				PRODUCT_BUNDLE_IDENTIFIER = UCLA.FindMyFoodUITests;
				PRODUCT_NAME = "$(TARGET_NAME)";
				SWIFT_EMIT_LOC_STRINGS = NO;
				SWIFT_VERSION = 5.0;
				TARGETED_DEVICE_FAMILY = "1,2";
				TEST_TARGET_NAME = FindMyFood;
			};
			name = Release;
		};
/* End XCBuildConfiguration section */

/* Begin XCConfigurationList section */
		BAC974152CD9AC6300DD929B /* Build configuration list for PBXProject "FindMyFood" */ = {
			isa = XCConfigurationList;
			buildConfigurations = (
				BAC9743C2CD9AC6700DD929B /* Debug */,
				BAC9743D2CD9AC6700DD929B /* Release */,
			);
			defaultConfigurationIsVisible = 0;
			defaultConfigurationName = Release;
		};
		BAC9743E2CD9AC6700DD929B /* Build configuration list for PBXNativeTarget "FindMyFood" */ = {
			isa = XCConfigurationList;
			buildConfigurations = (
				BAC9743F2CD9AC6700DD929B /* Debug */,
				BAC974402CD9AC6700DD929B /* Release */,
			);
			defaultConfigurationIsVisible = 0;
			defaultConfigurationName = Release;
		};
		BAC974412CD9AC6700DD929B /* Build configuration list for PBXNativeTarget "FindMyFoodTests" */ = {
			isa = XCConfigurationList;
			buildConfigurations = (
				BAC974422CD9AC6700DD929B /* Debug */,
				BAC974432CD9AC6700DD929B /* Release */,
			);
			defaultConfigurationIsVisible = 0;
			defaultConfigurationName = Release;
		};
		BAC974442CD9AC6700DD929B /* Build configuration list for PBXNativeTarget "FindMyFoodUITests" */ = {
			isa = XCConfigurationList;
			buildConfigurations = (
				BAC974452CD9AC6700DD929B /* Debug */,
				BAC974462CD9AC6700DD929B /* Release */,
			);
			defaultConfigurationIsVisible = 0;
			defaultConfigurationName = Release;
		};
/* End XCConfigurationList section */

/* Begin XCRemoteSwiftPackageReference section */
		FC3F5D1D2CF3D856003BA940 /* XCRemoteSwiftPackageReference "firebase-ios-sdk" */ = {
			isa = XCRemoteSwiftPackageReference;
			repositoryURL = "https://github.com/firebase/firebase-ios-sdk.git";
			requirement = {
				kind = upToNextMajorVersion;
				minimumVersion = 11.5.0;
			};
		};
/* End XCRemoteSwiftPackageReference section */

/* Begin XCSwiftPackageProductDependency section */
		115EC1722D1B8C5C00083388 /* FirebaseMessaging */ = {
			isa = XCSwiftPackageProductDependency;
			package = FC3F5D1D2CF3D856003BA940 /* XCRemoteSwiftPackageReference "firebase-ios-sdk" */;
			productName = FirebaseMessaging;
		};
		FC2411762D17DC25009BE065 /* FirebaseAuth */ = {
			isa = XCSwiftPackageProductDependency;
			package = FC3F5D1D2CF3D856003BA940 /* XCRemoteSwiftPackageReference "firebase-ios-sdk" */;
			productName = FirebaseAuth;
		};
		FC2411782D17DC25009BE065 /* FirebaseAuthCombine-Community */ = {
			isa = XCSwiftPackageProductDependency;
			package = FC3F5D1D2CF3D856003BA940 /* XCRemoteSwiftPackageReference "firebase-ios-sdk" */;
			productName = "FirebaseAuthCombine-Community";
		};
		FC24117A2D17DC25009BE065 /* FirebaseCore */ = {
			isa = XCSwiftPackageProductDependency;
			package = FC3F5D1D2CF3D856003BA940 /* XCRemoteSwiftPackageReference "firebase-ios-sdk" */;
			productName = FirebaseCore;
		};
		FC3F5D1E2CF3D856003BA940 /* FirebaseFirestore */ = {
			isa = XCSwiftPackageProductDependency;
			package = FC3F5D1D2CF3D856003BA940 /* XCRemoteSwiftPackageReference "firebase-ios-sdk" */;
			productName = FirebaseFirestore;
		};
		FC3F5D202CF3D856003BA940 /* FirebaseFirestoreCombine-Community */ = {
			isa = XCSwiftPackageProductDependency;
			package = FC3F5D1D2CF3D856003BA940 /* XCRemoteSwiftPackageReference "firebase-ios-sdk" */;
			productName = "FirebaseFirestoreCombine-Community";
		};
		FC3F5D222CF3D856003BA940 /* FirebaseStorage */ = {
			isa = XCSwiftPackageProductDependency;
			package = FC3F5D1D2CF3D856003BA940 /* XCRemoteSwiftPackageReference "firebase-ios-sdk" */;
			productName = FirebaseStorage;
		};
		FC3F5D242CF3D856003BA940 /* FirebaseStorageCombine-Community */ = {
			isa = XCSwiftPackageProductDependency;
			package = FC3F5D1D2CF3D856003BA940 /* XCRemoteSwiftPackageReference "firebase-ios-sdk" */;
			productName = "FirebaseStorageCombine-Community";
		};
/* End XCSwiftPackageProductDependency section */
	};
	rootObject = BAC974122CD9AC6300DD929B /* Project object */;
}
